
Microsoft Visual Studio Solution File, Format Version 12.00
# Visual Studio 15
VisualStudioVersion = 15.0.28307.438
MinimumVisualStudioVersion = 10.0.40219.1
Project("{FAE04EC0-301F-11D3-BF4B-00C04F79EFBC}") = "AspNetWebAPIOAuth", "AspNetWebAPIOAuth\AspNetWebAPIOAuth.csproj", "{F8B7B29D-B526-4C95-808A-BA2301E5D29C}"
EndProject
Project("{2150E333-8FDC-42A3-9474-1A3956D46DE8}") = "Solution Items", "Solution Items", "{B5D37E2E-C112-4264-910F-090BB5A74CE0}"
	ProjectSection(SolutionItems) = preProject
		C:\Users\zeki\source\repos\zzekikaya\AspNet-WebAPI-OAuth\Get oauth_access.jpg = C:\Users\zeki\source\repos\zzekikaya\AspNet-WebAPI-OAuth\Get oauth_access.jpg
		C:\Users\zeki\source\repos\zzekikaya\AspNet-WebAPI-OAuth\post-Token.jpg = C:\Users\zeki\source\repos\zzekikaya\AspNet-WebAPI-OAuth\post-Token.jpg
		token.docx = token.docx
	EndProjectSection
EndProject
Project("{FAE04EC0-301F-11D3-BF4B-00C04F79EFBC}") = "CallApi.Client", "CallApi.Client\CallApi.Client.csproj", "{C3AC24BC-D2CD-4B39-AE1B-CF56A65773DC}"
EndProject
Global
	GlobalSection(SolutionConfigurationPlatforms) = preSolution
		Debug|Any CPU = Debug|Any CPU
		Release|Any CPU = Release|Any CPU
	EndGlobalSection
	GlobalSection(ProjectConfigurationPlatforms) = postSolution
		{F8B7B29D-B526-4C95-808A-BA2301E5D29C}.Debug|Any CPU.ActiveCfg = Debug|Any CPU
		{F8B7B29D-B526-4C95-808A-BA2301E5D29C}.Debug|Any CPU.Build.0 = Debug|Any CPU
		{F8B7B29D-B526-4C95-808A-BA2301E5D29C}.Release|Any CPU.ActiveCfg = Release|Any CPU
		{F8B7B29D-B526-4C95-808A-BA2301E5D29C}.Release|Any CPU.Build.0 = Release|Any CPU
		{C3AC24BC-D2CD-4B39-AE1B-CF56A65773DC}.Debug|Any CPU.ActiveCfg = Debug|Any CPU
		{C3AC24BC-D2CD-4B39-AE1B-CF56A65773DC}.Debug|Any CPU.Build.0 = Debug|Any CPU
		{C3AC24BC-D2CD-4B39-AE1B-CF56A65773DC}.Release|Any CPU.ActiveCfg = Release|Any CPU
		{C3AC24BC-D2CD-4B39-AE1B-CF56A65773DC}.Release|Any CPU.Build.0 = Release|Any CPU
	EndGlobalSection
	GlobalSection(SolutionProperties) = preSolution
		HideSolutionNode = FALSE
	EndGlobalSection
	GlobalSection(ExtensibilityGlobals) = postSolution
		SolutionGuid = {8F099B07-64B9-4845-9689-8ADC9514D404}
	EndGlobalSection
EndGlobal
